
Microsoft Visual Studio Solution File, Format Version 12.00
# Visual Studio Version 17
VisualStudioVersion = 17.4.33110.190
MinimumVisualStudioVersion = 10.0.40219.1
Project("{FAE04EC0-301F-11D3-BF4B-00C04F79EFBC}") = "personal-task", "personal-task\personal-task.csproj", "{6DA4F036-26C4-470C-8C8C-124EBCBCABD9}"
EndProject
Global
	GlobalSection(SolutionConfigurationPlatforms) = preSolution
		Debug|Any CPU = Debug|Any CPU
		Release|Any CPU = Release|Any CPU
	EndGlobalSection
	GlobalSection(ProjectConfigurationPlatforms) = postSolution
		{6DA4F036-26C4-470C-8C8C-124EBCBCABD9}.Debug|Any CPU.ActiveCfg = Debug|Any CPU
		{6DA4F036-26C4-470C-8C8C-124EBCBCABD9}.Debug|Any CPU.Build.0 = Debug|Any CPU
		{6DA4F036-26C4-470C-8C8C-124EBCBCABD9}.Release|Any CPU.ActiveCfg = Release|Any CPU
		{6DA4F036-26C4-470C-8C8C-124EBCBCABD9}.Release|Any CPU.Build.0 = Release|Any CPU
	EndGlobalSection
	GlobalSection(SolutionProperties) = preSolution
		HideSolutionNode = FALSE
	EndGlobalSection
	GlobalSection(ExtensibilityGlobals) = postSolution
		SolutionGuid = {0732331E-2C89-4F02-8D98-6FCA3D423D8C}
	EndGlobalSection
EndGlobal
